// !$*UTF8*$!
{
	archiveVersion = 1;
	classes = {
	};
	objectVersion = 56;
	objects = {

/* Begin PBXBuildFile section */
		F39D069C2A8C76AC00B6F599 /* DreamsOfClothApp.swift in Sources */ = {isa = PBXBuildFile; fileRef = F39D069B2A8C76AC00B6F599 /* DreamsOfClothApp.swift */; };
		F39D069E2A8C76AC00B6F599 /* ContentView.swift in Sources */ = {isa = PBXBuildFile; fileRef = F39D069D2A8C76AC00B6F599 /* ContentView.swift */; };
		F39D06A02A8C76AD00B6F599 /* Assets.xcassets in Resources */ = {isa = PBXBuildFile; fileRef = F39D069F2A8C76AD00B6F599 /* Assets.xcassets */; };
		F39D06A32A8C76AD00B6F599 /* Preview Assets.xcassets in Resources */ = {isa = PBXBuildFile; fileRef = F39D06A22A8C76AD00B6F599 /* Preview Assets.xcassets */; };
		F39D06AD2A8C76AD00B6F599 /* DreamsOfClothTests.swift in Sources */ = {isa = PBXBuildFile; fileRef = F39D06AC2A8C76AD00B6F599 /* DreamsOfClothTests.swift */; };
		F39D06B72A8C76AD00B6F599 /* DreamsOfClothUITests.swift in Sources */ = {isa = PBXBuildFile; fileRef = F39D06B62A8C76AD00B6F599 /* DreamsOfClothUITests.swift */; };
		F39D06B92A8C76AD00B6F599 /* DreamsOfClothUITestsLaunchTests.swift in Sources */ = {isa = PBXBuildFile; fileRef = F39D06B82A8C76AD00B6F599 /* DreamsOfClothUITestsLaunchTests.swift */; };
/* End PBXBuildFile section */

/* Begin PBXContainerItemProxy section */
		F39D06A92A8C76AD00B6F599 /* PBXContainerItemProxy */ = {
			isa = PBXContainerItemProxy;
			containerPortal = F39D06902A8C76AC00B6F599 /* Project object */;
			proxyType = 1;
			remoteGlobalIDString = F39D06972A8C76AC00B6F599;
			remoteInfo = DreamsOfCloth;
		};
		F39D06B32A8C76AD00B6F599 /* PBXContainerItemProxy */ = {
			isa = PBXContainerItemProxy;
			containerPortal = F39D06902A8C76AC00B6F599 /* Project object */;
			proxyType = 1;
			remoteGlobalIDString = F39D06972A8C76AC00B6F599;
			remoteInfo = DreamsOfCloth;
		};
/* End PBXContainerItemProxy section */

/* Begin PBXFileReference section */
		F39D06982A8C76AC00B6F599 /* DreamsOfCloth.app */ = {isa = PBXFileReference; explicitFileType = wrapper.application; includeInIndex = 0; path = DreamsOfCloth.app; sourceTree = BUILT_PRODUCTS_DIR; };
		F39D069B2A8C76AC00B6F599 /* DreamsOfClothApp.swift */ = {isa = PBXFileReference; lastKnownFileType = sourcecode.swift; path = DreamsOfClothApp.swift; sourceTree = "<group>"; };
		F39D069D2A8C76AC00B6F599 /* ContentView.swift */ = {isa = PBXFileReference; lastKnownFileType = sourcecode.swift; path = ContentView.swift; sourceTree = "<group>"; };
		F39D069F2A8C76AD00B6F599 /* Assets.xcassets */ = {isa = PBXFileReference; lastKnownFileType = folder.assetcatalog; path = Assets.xcassets; sourceTree = "<group>"; };
		F39D06A22A8C76AD00B6F599 /* Preview Assets.xcassets */ = {isa = PBXFileReference; lastKnownFileType = folder.assetcatalog; path = "Preview Assets.xcassets"; sourceTree = "<group>"; };
		F39D06A82A8C76AD00B6F599 /* DreamsOfClothTests.xctest */ = {isa = PBXFileReference; explicitFileType = wrapper.cfbundle; includeInIndex = 0; path = DreamsOfClothTests.xctest; sourceTree = BUILT_PRODUCTS_DIR; };
		F39D06AC2A8C76AD00B6F599 /* DreamsOfClothTests.swift */ = {isa = PBXFileReference; lastKnownFileType = sourcecode.swift; path = DreamsOfClothTests.swift; sourceTree = "<group>"; };
		F39D06B22A8C76AD00B6F599 /* DreamsOfClothUITests.xctest */ = {isa = PBXFileReference; explicitFileType = wrapper.cfbundle; includeInIndex = 0; path = DreamsOfClothUITests.xctest; sourceTree = BUILT_PRODUCTS_DIR; };
		F39D06B62A8C76AD00B6F599 /* DreamsOfClothUITests.swift */ = {isa = PBXFileReference; lastKnownFileType = sourcecode.swift; path = DreamsOfClothUITests.swift; sourceTree = "<group>"; };
		F39D06B82A8C76AD00B6F599 /* DreamsOfClothUITestsLaunchTests.swift */ = {isa = PBXFileReference; lastKnownFileType = sourcecode.swift; path = DreamsOfClothUITestsLaunchTests.swift; sourceTree = "<group>"; };
/* End PBXFileReference section */

/* Begin PBXFrameworksBuildPhase section */
		F39D06952A8C76AC00B6F599 /* Frameworks */ = {
			isa = PBXFrameworksBuildPhase;
			buildActionMask = 2147483647;
			files = (
			);
			runOnlyForDeploymentPostprocessing = 0;
		};
		F39D06A52A8C76AD00B6F599 /* Frameworks */ = {
			isa = PBXFrameworksBuildPhase;
			buildActionMask = 2147483647;
			files = (
			);
			runOnlyForDeploymentPostprocessing = 0;
		};
		F39D06AF2A8C76AD00B6F599 /* Frameworks */ = {
			isa = PBXFrameworksBuildPhase;
			buildActionMask = 2147483647;
			files = (
			);
			runOnlyForDeploymentPostprocessing = 0;
		};
/* End PBXFrameworksBuildPhase section */

/* Begin PBXGroup section */
		F39D068F2A8C76AC00B6F599 = {
			isa = PBXGroup;
			children = (
				F39D069A2A8C76AC00B6F599 /* DreamsOfCloth */,
				F39D06AB2A8C76AD00B6F599 /* DreamsOfClothTests */,
				F39D06B52A8C76AD00B6F599 /* DreamsOfClothUITests */,
				F39D06992A8C76AC00B6F599 /* Products */,
			);
			sourceTree = "<group>";
		};
		F39D06992A8C76AC00B6F599 /* Products */ = {
			isa = PBXGroup;
			children = (
				F39D06982A8C76AC00B6F599 /* DreamsOfCloth.app */,
				F39D06A82A8C76AD00B6F599 /* DreamsOfClothTests.xctest */,
				F39D06B22A8C76AD00B6F599 /* DreamsOfClothUITests.xctest */,
			);
			name = Products;
			sourceTree = "<group>";
		};
		F39D069A2A8C76AC00B6F599 /* DreamsOfCloth */ = {
			isa = PBXGroup;
			children = (
				F39D069B2A8C76AC00B6F599 /* DreamsOfClothApp.swift */,
				F39D069D2A8C76AC00B6F599 /* ContentView.swift */,
				F39D069F2A8C76AD00B6F599 /* Assets.xcassets */,
				F39D06A12A8C76AD00B6F599 /* Preview Content */,
			);
			path = DreamsOfCloth;
			sourceTree = "<group>";
		};
		F39D06A12A8C76AD00B6F599 /* Preview Content */ = {
			isa = PBXGroup;
			children = (
				F39D06A22A8C76AD00B6F599 /* Preview Assets.xcassets */,
			);
			path = "Preview Content";
			sourceTree = "<group>";
		};
		F39D06AB2A8C76AD00B6F599 /* DreamsOfClothTests */ = {
			isa = PBXGroup;
			children = (
				F39D06AC2A8C76AD00B6F599 /* DreamsOfClothTests.swift */,
			);
			path = DreamsOfClothTests;
			sourceTree = "<group>";
		};
		F39D06B52A8C76AD00B6F599 /* DreamsOfClothUITests */ = {
			isa = PBXGroup;
			children = (
				F39D06B62A8C76AD00B6F599 /* DreamsOfClothUITests.swift */,
				F39D06B82A8C76AD00B6F599 /* DreamsOfClothUITestsLaunchTests.swift */,
			);
			path = DreamsOfClothUITests;
			sourceTree = "<group>";
		};
/* End PBXGroup section */

/* Begin PBXNativeTarget section */
		F39D06972A8C76AC00B6F599 /* DreamsOfCloth */ = {
			isa = PBXNativeTarget;
			buildConfigurationList = F39D06BC2A8C76AD00B6F599 /* Build configuration list for PBXNativeTarget "DreamsOfCloth" */;
			buildPhases = (
				F39D06942A8C76AC00B6F599 /* Sources */,
				F39D06952A8C76AC00B6F599 /* Frameworks */,
				F39D06962A8C76AC00B6F599 /* Resources */,
			);
			buildRules = (
			);
			dependencies = (
			);
			name = DreamsOfCloth;
			productName = DreamsOfCloth;
			productReference = F39D06982A8C76AC00B6F599 /* DreamsOfCloth.app */;
			productType = "com.apple.product-type.application";
		};
		F39D06A72A8C76AD00B6F599 /* DreamsOfClothTests */ = {
			isa = PBXNativeTarget;
			buildConfigurationList = F39D06BF2A8C76AD00B6F599 /* Build configuration list for PBXNativeTarget "DreamsOfClothTests" */;
			buildPhases = (
				F39D06A42A8C76AD00B6F599 /* Sources */,
				F39D06A52A8C76AD00B6F599 /* Frameworks */,
				F39D06A62A8C76AD00B6F599 /* Resources */,
			);
			buildRules = (
			);
			dependencies = (
				F39D06AA2A8C76AD00B6F599 /* PBXTargetDependency */,
			);
			name = DreamsOfClothTests;
			productName = DreamsOfClothTests;
			productReference = F39D06A82A8C76AD00B6F599 /* DreamsOfClothTests.xctest */;
			productType = "com.apple.product-type.bundle.unit-test";
		};
		F39D06B12A8C76AD00B6F599 /* DreamsOfClothUITests */ = {
			isa = PBXNativeTarget;
			buildConfigurationList = F39D06C22A8C76AD00B6F599 /* Build configuration list for PBXNativeTarget "DreamsOfClothUITests" */;
			buildPhases = (
				F39D06AE2A8C76AD00B6F599 /* Sources */,
				F39D06AF2A8C76AD00B6F599 /* Frameworks */,
				F39D06B02A8C76AD00B6F599 /* Resources */,
			);
			buildRules = (
			);
			dependencies = (
				F39D06B42A8C76AD00B6F599 /* PBXTargetDependency */,
			);
			name = DreamsOfClothUITests;
			productName = DreamsOfClothUITests;
			productReference = F39D06B22A8C76AD00B6F599 /* DreamsOfClothUITests.xctest */;
			productType = "com.apple.product-type.bundle.ui-testing";
		};
/* End PBXNativeTarget section */

/* Begin PBXProject section */
		F39D06902A8C76AC00B6F599 /* Project object */ = {
			isa = PBXProject;
			attributes = {
				BuildIndependentTargetsInParallel = 1;
				LastSwiftUpdateCheck = 1420;
				LastUpgradeCheck = 1420;
				TargetAttributes = {
					F39D06972A8C76AC00B6F599 = {
						CreatedOnToolsVersion = 14.2;
					};
					F39D06A72A8C76AD00B6F599 = {
						CreatedOnToolsVersion = 14.2;
						TestTargetID = F39D06972A8C76AC00B6F599;
					};
					F39D06B12A8C76AD00B6F599 = {
						CreatedOnToolsVersion = 14.2;
						TestTargetID = F39D06972A8C76AC00B6F599;
					};
				};
			};
			buildConfigurationList = F39D06932A8C76AC00B6F599 /* Build configuration list for PBXProject "DreamsOfCloth" */;
			compatibilityVersion = "Xcode 14.0";
			developmentRegion = en;
			hasScannedForEncodings = 0;
			knownRegions = (
				en,
				Base,
			);
			mainGroup = F39D068F2A8C76AC00B6F599;
			productRefGroup = F39D06992A8C76AC00B6F599 /* Products */;
			projectDirPath = "";
			projectRoot = "";
			targets = (
				F39D06972A8C76AC00B6F599 /* DreamsOfCloth */,
				F39D06A72A8C76AD00B6F599 /* DreamsOfClothTests */,
				F39D06B12A8C76AD00B6F599 /* DreamsOfClothUITests */,
			);
		};
/* End PBXProject section */

/* Begin PBXResourcesBuildPhase section */
		F39D06962A8C76AC00B6F599 /* Resources */ = {
			isa = PBXResourcesBuildPhase;
			buildActionMask = 2147483647;
			files = (
				F39D06A32A8C76AD00B6F599 /* Preview Assets.xcassets in Resources */,
				F39D06A02A8C76AD00B6F599 /* Assets.xcassets in Resources */,
			);
			runOnlyForDeploymentPostprocessing = 0;
		};
		F39D06A62A8C76AD00B6F599 /* Resources */ = {
			isa = PBXResourcesBuildPhase;
			buildActionMask = 2147483647;
			files = (
			);
			runOnlyForDeploymentPostprocessing = 0;
		};
		F39D06B02A8C76AD00B6F599 /* Resources */ = {
			isa = PBXResourcesBuildPhase;
			buildActionMask = 2147483647;
			files = (
			);
			runOnlyForDeploymentPostprocessing = 0;
		};
/* End PBXResourcesBuildPhase section */

/* Begin PBXSourcesBuildPhase section */
		F39D06942A8C76AC00B6F599 /* Sources */ = {
			isa = PBXSourcesBuildPhase;
			buildActionMask = 2147483647;
			files = (
				F39D069E2A8C76AC00B6F599 /* ContentView.swift in Sources */,
				F39D069C2A8C76AC00B6F599 /* DreamsOfClothApp.swift in Sources */,
			);
			runOnlyForDeploymentPostprocessing = 0;
		};
		F39D06A42A8C76AD00B6F599 /* Sources */ = {
			isa = PBXSourcesBuildPhase;
			buildActionMask = 2147483647;
			files = (
				F39D06AD2A8C76AD00B6F599 /* DreamsOfClothTests.swift in Sources */,
			);
			runOnlyForDeploymentPostprocessing = 0;
		};
		F39D06AE2A8C76AD00B6F599 /* Sources */ = {
			isa = PBXSourcesBuildPhase;
			buildActionMask = 2147483647;
			files = (
				F39D06B92A8C76AD00B6F599 /* DreamsOfClothUITestsLaunchTests.swift in Sources */,
				F39D06B72A8C76AD00B6F599 /* DreamsOfClothUITests.swift in Sources */,
			);
			runOnlyForDeploymentPostprocessing = 0;
		};
/* End PBXSourcesBuildPhase section */

/* Begin PBXTargetDependency section */
		F39D06AA2A8C76AD00B6F599 /* PBXTargetDependency */ = {
			isa = PBXTargetDependency;
			target = F39D06972A8C76AC00B6F599 /* DreamsOfCloth */;
			targetProxy = F39D06A92A8C76AD00B6F599 /* PBXContainerItemProxy */;
		};
		F39D06B42A8C76AD00B6F599 /* PBXTargetDependency */ = {
			isa = PBXTargetDependency;
			target = F39D06972A8C76AC00B6F599 /* DreamsOfCloth */;
			targetProxy = F39D06B32A8C76AD00B6F599 /* PBXContainerItemProxy */;
		};
/* End PBXTargetDependency section */

/* Begin XCBuildConfiguration section */
		F39D06BA2A8C76AD00B6F599 /* Debug */ = {
			isa = XCBuildConfiguration;
			buildSettings = {
				ALWAYS_SEARCH_USER_PATHS = NO;
				CLANG_ANALYZER_NONNULL = YES;
				CLANG_ANALYZER_NUMBER_OBJECT_CONVERSION = YES_AGGRESSIVE;
				CLANG_CXX_LANGUAGE_STANDARD = "gnu++20";
				CLANG_ENABLE_MODULES = YES;
				CLANG_ENABLE_OBJC_ARC = YES;
				CLANG_ENABLE_OBJC_WEAK = YES;
				CLANG_WARN_BLOCK_CAPTURE_AUTORELEASING = YES;
				CLANG_WARN_BOOL_CONVERSION = YES;
				CLANG_WARN_COMMA = YES;
				CLANG_WARN_CONSTANT_CONVERSION = YES;
				CLANG_WARN_DEPRECATED_OBJC_IMPLEMENTATIONS = YES;
				CLANG_WARN_DIRECT_OBJC_ISA_USAGE = YES_ERROR;
				CLANG_WARN_DOCUMENTATION_COMMENTS = YES;
				CLANG_WARN_EMPTY_BODY = YES;
				CLANG_WARN_ENUM_CONVERSION = YES;
				CLANG_WARN_INFINITE_RECURSION = YES;
				CLANG_WARN_INT_CONVERSION = YES;
				CLANG_WARN_NON_LITERAL_NULL_CONVERSION = YES;
				CLANG_WARN_OBJC_IMPLICIT_RETAIN_SELF = YES;
				CLANG_WARN_OBJC_LITERAL_CONVERSION = YES;
				CLANG_WARN_OBJC_ROOT_CLASS = YES_ERROR;
				CLANG_WARN_QUOTED_INCLUDE_IN_FRAMEWORK_HEADER = YES;
				CLANG_WARN_RANGE_LOOP_ANALYSIS = YES;
				CLANG_WARN_STRICT_PROTOTYPES = YES;
				CLANG_WARN_SUSPICIOUS_MOVE = YES;
				CLANG_WARN_UNGUARDED_AVAILABILITY = YES_AGGRESSIVE;
				CLANG_WARN_UNREACHABLE_CODE = YES;
				CLANG_WARN__DUPLICATE_METHOD_MATCH = YES;
				COPY_PHASE_STRIP = NO;
				DEBUG_INFORMATION_FORMAT = dwarf;
				ENABLE_STRICT_OBJC_MSGSEND = YES;
				ENABLE_TESTABILITY = YES;
				GCC_C_LANGUAGE_STANDARD = gnu11;
				GCC_DYNAMIC_NO_PIC = NO;
				GCC_NO_COMMON_BLOCKS = YES;
				GCC_OPTIMIZATION_LEVEL = 0;
				GCC_PREPROCESSOR_DEFINITIONS = (
					"DEBUG=1",
					"$(inherited)",
				);
				GCC_WARN_64_TO_32_BIT_CONVERSION = YES;
				GCC_WARN_ABOUT_RETURN_TYPE = YES_ERROR;
				GCC_WARN_UNDECLARED_SELECTOR = YES;
				GCC_WARN_UNINITIALIZED_AUTOS = YES_AGGRESSIVE;
				GCC_WARN_UNUSED_FUNCTION = YES;
				GCC_WARN_UNUSED_VARIABLE = YES;
				IPHONEOS_DEPLOYMENT_TARGET = 16.2;
				MTL_ENABLE_DEBUG_INFO = INCLUDE_SOURCE;
				MTL_FAST_MATH = YES;
				ONLY_ACTIVE_ARCH = YES;
				SDKROOT = iphoneos;
				SWIFT_ACTIVE_COMPILATION_CONDITIONS = DEBUG;
				SWIFT_OPTIMIZATION_LEVEL = "-Onone";
			};
			name = Debug;
		};
		F39D06BB2A8C76AD00B6F599 /* Release */ = {
			isa = XCBuildConfiguration;
			buildSettings = {
				ALWAYS_SEARCH_USER_PATHS = NO;
				CLANG_ANALYZER_NONNULL = YES;
				CLANG_ANALYZER_NUMBER_OBJECT_CONVERSION = YES_AGGRESSIVE;
				CLANG_CXX_LANGUAGE_STANDARD = "gnu++20";
				CLANG_ENABLE_MODULES = YES;
				CLANG_ENABLE_OBJC_ARC = YES;
				CLANG_ENABLE_OBJC_WEAK = YES;
				CLANG_WARN_BLOCK_CAPTURE_AUTORELEASING = YES;
				CLANG_WARN_BOOL_CONVERSION = YES;
				CLANG_WARN_COMMA = YES;
				CLANG_WARN_CONSTANT_CONVERSION = YES;
				CLANG_WARN_DEPRECATED_OBJC_IMPLEMENTATIONS = YES;
				CLANG_WARN_DIRECT_OBJC_ISA_USAGE = YES_ERROR;
				CLANG_WARN_DOCUMENTATION_COMMENTS = YES;
				CLANG_WARN_EMPTY_BODY = YES;
				CLANG_WARN_ENUM_CONVERSION = YES;
				CLANG_WARN_INFINITE_RECURSION = YES;
				CLANG_WARN_INT_CONVERSION = YES;
				CLANG_WARN_NON_LITERAL_NULL_CONVERSION = YES;
				CLANG_WARN_OBJC_IMPLICIT_RETAIN_SELF = YES;
				CLANG_WARN_OBJC_LITERAL_CONVERSION = YES;
				CLANG_WARN_OBJC_ROOT_CLASS = YES_ERROR;
				CLANG_WARN_QUOTED_INCLUDE_IN_FRAMEWORK_HEADER = YES;
				CLANG_WARN_RANGE_LOOP_ANALYSIS = YES;
				CLANG_WARN_STRICT_PROTOTYPES = YES;
				CLANG_WARN_SUSPICIOUS_MOVE = YES;
				CLANG_WARN_UNGUARDED_AVAILABILITY = YES_AGGRESSIVE;
				CLANG_WARN_UNREACHABLE_CODE = YES;
				CLANG_WARN__DUPLICATE_METHOD_MATCH = YES;
				COPY_PHASE_STRIP = NO;
				DEBUG_INFORMATION_FORMAT = "dwarf-with-dsym";
				ENABLE_NS_ASSERTIONS = NO;
				ENABLE_STRICT_OBJC_MSGSEND = YES;
				GCC_C_LANGUAGE_STANDARD = gnu11;
				GCC_NO_COMMON_BLOCKS = YES;
				GCC_WARN_64_TO_32_BIT_CONVERSION = YES;
				GCC_WARN_ABOUT_RETURN_TYPE = YES_ERROR;
				GCC_WARN_UNDECLARED_SELECTOR = YES;
				GCC_WARN_UNINITIALIZED_AUTOS = YES_AGGRESSIVE;
				GCC_WARN_UNUSED_FUNCTION = YES;
				GCC_WARN_UNUSED_VARIABLE = YES;
				IPHONEOS_DEPLOYMENT_TARGET = 16.2;
				MTL_ENABLE_DEBUG_INFO = NO;
				MTL_FAST_MATH = YES;
				SDKROOT = iphoneos;
				SWIFT_COMPILATION_MODE = wholemodule;
				SWIFT_OPTIMIZATION_LEVEL = "-O";
				VALIDATE_PRODUCT = YES;
			};
			name = Release;
		};
		F39D06BD2A8C76AD00B6F599 /* Debug */ = {
			isa = XCBuildConfiguration;
			buildSettings = {
				ASSETCATALOG_COMPILER_APPICON_NAME = AppIcon;
				ASSETCATALOG_COMPILER_GLOBAL_ACCENT_COLOR_NAME = AccentColor;
				CODE_SIGN_STYLE = Automatic;
				CURRENT_PROJECT_VERSION = 1;
				DEVELOPMENT_ASSET_PATHS = "\"DreamsOfCloth/Preview Content\"";
				DEVELOPMENT_TEAM = 8QAU9CM882;
				ENABLE_PREVIEWS = YES;
				GENERATE_INFOPLIST_FILE = YES;
				INFOPLIST_KEY_UIApplicationSceneManifest_Generation = YES;
				INFOPLIST_KEY_UIApplicationSupportsIndirectInputEvents = YES;
				INFOPLIST_KEY_UILaunchScreen_Generation = YES;
				INFOPLIST_KEY_UISupportedInterfaceOrientations_iPad = "UIInterfaceOrientationPortrait UIInterfaceOrientationPortraitUpsideDown UIInterfaceOrientationLandscapeLeft UIInterfaceOrientationLandscapeRight";
				INFOPLIST_KEY_UISupportedInterfaceOrientations_iPhone = "UIInterfaceOrientationPortrait UIInterfaceOrientationLandscapeLeft UIInterfaceOrientationLandscapeRight";
				LD_RUNPATH_SEARCH_PATHS = (
					"$(inherited)",
					"@executable_path/Frameworks",
				);
				MARKETING_VERSION = 1.0;
				PRODUCT_BUNDLE_IDENTIFIER = musa.DreamsOfCloth;
				PRODUCT_NAME = "$(TARGET_NAME)";
				SWIFT_EMIT_LOC_STRINGS = YES;
				SWIFT_VERSION = 5.0;
				TARGETED_DEVICE_FAMILY = "1,2";
			};
			name = Debug;
		};
		F39D06BE2A8C76AD00B6F599 /* Release */ = {
			isa = XCBuildConfiguration;
			buildSettings = {
				ASSETCATALOG_COMPILER_APPICON_NAME = AppIcon;
				ASSETCATALOG_COMPILER_GLOBAL_ACCENT_COLOR_NAME = AccentColor;
				CODE_SIGN_STYLE = Automatic;
				CURRENT_PROJECT_VERSION = 1;
				DEVELOPMENT_ASSET_PATHS = "\"DreamsOfCloth/Preview Content\"";
				DEVELOPMENT_TEAM = 8QAU9CM882;
				ENABLE_PREVIEWS = YES;
				GENERATE_INFOPLIST_FILE = YES;
				INFOPLIST_KEY_UIApplicationSceneManifest_Generation = YES;
				INFOPLIST_KEY_UIApplicationSupportsIndirectInputEvents = YES;
				INFOPLIST_KEY_UILaunchScreen_Generation = YES;
				INFOPLIST_KEY_UISupportedInterfaceOrientations_iPad = "UIInterfaceOrientationPortrait UIInterfaceOrientationPortraitUpsideDown UIInterfaceOrientationLandscapeLeft UIInterfaceOrientationLandscapeRight";
				INFOPLIST_KEY_UISupportedInterfaceOrientations_iPhone = "UIInterfaceOrientationPortrait UIInterfaceOrientationLandscapeLeft UIInterfaceOrientationLandscapeRight";
				LD_RUNPATH_SEARCH_PATHS = (
					"$(inherited)",
					"@executable_path/Frameworks",
				);
				MARKETING_VERSION = 1.0;
				PRODUCT_BUNDLE_IDENTIFIER = musa.DreamsOfCloth;
				PRODUCT_NAME = "$(TARGET_NAME)";
				SWIFT_EMIT_LOC_STRINGS = YES;
				SWIFT_VERSION = 5.0;
				TARGETED_DEVICE_FAMILY = "1,2";
			};
			name = Release;
		};
		F39D06C02A8C76AD00B6F599 /* Debug */ = {
			isa = XCBuildConfiguration;
			buildSettings = {
				ALWAYS_EMBED_SWIFT_STANDARD_LIBRARIES = YES;
				BUNDLE_LOADER = "$(TEST_HOST)";
				CODE_SIGN_STYLE = Automatic;
				CURRENT_PROJECT_VERSION = 1;
				DEVELOPMENT_TEAM = 8QAU9CM882;
				GENERATE_INFOPLIST_FILE = YES;
				IPHONEOS_DEPLOYMENT_TARGET = 16.2;
				MARKETING_VERSION = 1.0;
				PRODUCT_BUNDLE_IDENTIFIER = musa.DreamsOfClothTests;
				PRODUCT_NAME = "$(TARGET_NAME)";
				SWIFT_EMIT_LOC_STRINGS = NO;
				SWIFT_VERSION = 5.0;
				TARGETED_DEVICE_FAMILY = "1,2";
				TEST_HOST = "$(BUILT_PRODUCTS_DIR)/DreamsOfCloth.app/$(BUNDLE_EXECUTABLE_FOLDER_PATH)/DreamsOfCloth";
			};
			name = Debug;
		};
		F39D06C12A8C76AD00B6F599 /* Release */ = {
			isa = XCBuildConfiguration;
			buildSettings = {
				ALWAYS_EMBED_SWIFT_STANDARD_LIBRARIES = YES;
				BUNDLE_LOADER = "$(TEST_HOST)";
				CODE_SIGN_STYLE = Automatic;
				CURRENT_PROJECT_VERSION = 1;
				DEVELOPMENT_TEAM = 8QAU9CM882;
				GENERATE_INFOPLIST_FILE = YES;
				IPHONEOS_DEPLOYMENT_TARGET = 16.2;
				MARKETING_VERSION = 1.0;
				PRODUCT_BUNDLE_IDENTIFIER = musa.DreamsOfClothTests;
				PRODUCT_NAME = "$(TARGET_NAME)";
				SWIFT_EMIT_LOC_STRINGS = NO;
				SWIFT_VERSION = 5.0;
				TARGETED_DEVICE_FAMILY = "1,2";
				TEST_HOST = "$(BUILT_PRODUCTS_DIR)/DreamsOfCloth.app/$(BUNDLE_EXECUTABLE_FOLDER_PATH)/DreamsOfCloth";
			};
			name = Release;
		};
		F39D06C32A8C76AD00B6F599 /* Debug */ = {
			isa = XCBuildConfiguration;
			buildSettings = {
				ALWAYS_EMBED_SWIFT_STANDARD_LIBRARIES = YES;
				CODE_SIGN_STYLE = Automatic;
				CURRENT_PROJECT_VERSION = 1;
				DEVELOPMENT_TEAM = 8QAU9CM882;
				GENERATE_INFOPLIST_FILE = YES;
				MARKETING_VERSION = 1.0;
				PRODUCT_BUNDLE_IDENTIFIER = musa.DreamsOfClothUITests;
				PRODUCT_NAME = "$(TARGET_NAME)";
				SWIFT_EMIT_LOC_STRINGS = NO;
				SWIFT_VERSION = 5.0;
				TARGETED_DEVICE_FAMILY = "1,2";
				TEST_TARGET_NAME = DreamsOfCloth;
			};
			name = Debug;
		};
		F39D06C42A8C76AD00B6F599 /* Release */ = {
			isa = XCBuildConfiguration;
			buildSettings = {
				ALWAYS_EMBED_SWIFT_STANDARD_LIBRARIES = YES;
				CODE_SIGN_STYLE = Automatic;
				CURRENT_PROJECT_VERSION = 1;
				DEVELOPMENT_TEAM = 8QAU9CM882;
				GENERATE_INFOPLIST_FILE = YES;
				MARKETING_VERSION = 1.0;
				PRODUCT_BUNDLE_IDENTIFIER = musa.DreamsOfClothUITests;
				PRODUCT_NAME = "$(TARGET_NAME)";
				SWIFT_EMIT_LOC_STRINGS = NO;
				SWIFT_VERSION = 5.0;
				TARGETED_DEVICE_FAMILY = "1,2";
				TEST_TARGET_NAME = DreamsOfCloth;
			};
			name = Release;
		};
/* End XCBuildConfiguration section */

/* Begin XCConfigurationList section */
		F39D06932A8C76AC00B6F599 /* Build configuration list for PBXProject "DreamsOfCloth" */ = {
			isa = XCConfigurationList;
			buildConfigurations = (
				F39D06BA2A8C76AD00B6F599 /* Debug */,
				F39D06BB2A8C76AD00B6F599 /* Release */,
			);
			defaultConfigurationIsVisible = 0;
			defaultConfigurationName = Release;
		};
		F39D06BC2A8C76AD00B6F599 /* Build configuration list for PBXNativeTarget "DreamsOfCloth" */ = {
			isa = XCConfigurationList;
			buildConfigurations = (
				F39D06BD2A8C76AD00B6F599 /* Debug */,
				F39D06BE2A8C76AD00B6F599 /* Release */,
			);
			defaultConfigurationIsVisible = 0;
			defaultConfigurationName = Release;
		};
		F39D06BF2A8C76AD00B6F599 /* Build configuration list for PBXNativeTarget "DreamsOfClothTests" */ = {
			isa = XCConfigurationList;
			buildConfigurations = (
				F39D06C02A8C76AD00B6F599 /* Debug */,
				F39D06C12A8C76AD00B6F599 /* Release */,
			);
			defaultConfigurationIsVisible = 0;
			defaultConfigurationName = Release;
		};
		F39D06C22A8C76AD00B6F599 /* Build configuration list for PBXNativeTarget "DreamsOfClothUITests" */ = {
			isa = XCConfigurationList;
			buildConfigurations = (
				F39D06C32A8C76AD00B6F599 /* Debug */,
				F39D06C42A8C76AD00B6F599 /* Release */,
			);
			defaultConfigurationIsVisible = 0;
			defaultConfigurationName = Release;
		};
/* End XCConfigurationList section */
	};
	rootObject = F39D06902A8C76AC00B6F599 /* Project object */;
}
